
Microsoft Visual Studio Solution File, Format Version 12.00
# Visual Studio Version 16
VisualStudioVersion = 16.0.30717.126
MinimumVisualStudioVersion = 10.0.40219.1
Project("{FAE04EC0-301F-11D3-BF4B-00C04F79EFBC}") = "str4", "str4\str4.csproj", "{A09CD818-4D78-4EC7-9E89-3B49CF19CA5B}"
EndProject
Global
	GlobalSection(SolutionConfigurationPlatforms) = preSolution
		Debug|Any CPU = Debug|Any CPU
		Release|Any CPU = Release|Any CPU
	EndGlobalSection
	GlobalSection(ProjectConfigurationPlatforms) = postSolution
		{A09CD818-4D78-4EC7-9E89-3B49CF19CA5B}.Debug|Any CPU.ActiveCfg = Debug|Any CPU
		{A09CD818-4D78-4EC7-9E89-3B49CF19CA5B}.Debug|Any CPU.Build.0 = Debug|Any CPU
		{A09CD818-4D78-4EC7-9E89-3B49CF19CA5B}.Release|Any CPU.ActiveCfg = Release|Any CPU
		{A09CD818-4D78-4EC7-9E89-3B49CF19CA5B}.Release|Any CPU.Build.0 = Release|Any CPU
	EndGlobalSection
	GlobalSection(SolutionProperties) = preSolution
		HideSolutionNode = FALSE
	EndGlobalSection
	GlobalSection(ExtensibilityGlobals) = postSolution
		SolutionGuid = {0B64BFC9-A461-4759-8DBA-0A75BC9303B4}
	EndGlobalSection
EndGlobal
